// !$*UTF8*$!
{
	archiveVersion = 1;
	classes = {
	};
	objectVersion = 48;
	objects = {

/* Begin PBXBuildFile section */
		57C20DBB1F32DDBD00EFFB02 /* AppDelegate.swift in Sources */ = {isa = PBXBuildFile; fileRef = 57C20DBA1F32DDBD00EFFB02 /* AppDelegate.swift */; };
		57C20DBD1F32DDBD00EFFB02 /* GameScene.sks in Resources */ = {isa = PBXBuildFile; fileRef = 57C20DBC1F32DDBD00EFFB02 /* GameScene.sks */; };
		57C20DBF1F32DDBD00EFFB02 /* Actions.sks in Resources */ = {isa = PBXBuildFile; fileRef = 57C20DBE1F32DDBD00EFFB02 /* Actions.sks */; };
		57C20DC11F32DDBD00EFFB02 /* GameScene.swift in Sources */ = {isa = PBXBuildFile; fileRef = 57C20DC01F32DDBD00EFFB02 /* GameScene.swift */; };
		57C20DC31F32DDBD00EFFB02 /* GameViewController.swift in Sources */ = {isa = PBXBuildFile; fileRef = 57C20DC21F32DDBD00EFFB02 /* GameViewController.swift */; };
		57C20DC61F32DDBD00EFFB02 /* Main.storyboard in Resources */ = {isa = PBXBuildFile; fileRef = 57C20DC41F32DDBD00EFFB02 /* Main.storyboard */; };
		57C20DC81F32DDBD00EFFB02 /* Assets.xcassets in Resources */ = {isa = PBXBuildFile; fileRef = 57C20DC71F32DDBD00EFFB02 /* Assets.xcassets */; };
		57C20DCB1F32DDBD00EFFB02 /* LaunchScreen.storyboard in Resources */ = {isa = PBXBuildFile; fileRef = 57C20DC91F32DDBD00EFFB02 /* LaunchScreen.storyboard */; };
		57C20DD61F32DDBD00EFFB02 /* ScaredyCatTests.swift in Sources */ = {isa = PBXBuildFile; fileRef = 57C20DD51F32DDBD00EFFB02 /* ScaredyCatTests.swift */; };
		57C20DE11F32DDBE00EFFB02 /* ScaredyCatUITests.swift in Sources */ = {isa = PBXBuildFile; fileRef = 57C20DE01F32DDBE00EFFB02 /* ScaredyCatUITests.swift */; };
/* End PBXBuildFile section */

/* Begin PBXContainerItemProxy section */
		57C20DD21F32DDBD00EFFB02 /* PBXContainerItemProxy */ = {
			isa = PBXContainerItemProxy;
			containerPortal = 57C20DAF1F32DDBD00EFFB02 /* Project object */;
			proxyType = 1;
			remoteGlobalIDString = 57C20DB61F32DDBD00EFFB02;
			remoteInfo = ScaredyCat;
		};
		57C20DDD1F32DDBE00EFFB02 /* PBXContainerItemProxy */ = {
			isa = PBXContainerItemProxy;
			containerPortal = 57C20DAF1F32DDBD00EFFB02 /* Project object */;
			proxyType = 1;
			remoteGlobalIDString = 57C20DB61F32DDBD00EFFB02;
			remoteInfo = ScaredyCat;
		};
/* End PBXContainerItemProxy section */

/* Begin PBXFileReference section */
		57C20DB71F32DDBD00EFFB02 /* ScaredyCat.app */ = {isa = PBXFileReference; explicitFileType = wrapper.application; includeInIndex = 0; path = ScaredyCat.app; sourceTree = BUILT_PRODUCTS_DIR; };
		57C20DBA1F32DDBD00EFFB02 /* AppDelegate.swift */ = {isa = PBXFileReference; lastKnownFileType = sourcecode.swift; path = AppDelegate.swift; sourceTree = "<group>"; };
		57C20DBC1F32DDBD00EFFB02 /* GameScene.sks */ = {isa = PBXFileReference; lastKnownFileType = file.sks; path = GameScene.sks; sourceTree = "<group>"; };
		57C20DBE1F32DDBD00EFFB02 /* Actions.sks */ = {isa = PBXFileReference; lastKnownFileType = file.sks; path = Actions.sks; sourceTree = "<group>"; };
		57C20DC01F32DDBD00EFFB02 /* GameScene.swift */ = {isa = PBXFileReference; lastKnownFileType = sourcecode.swift; path = GameScene.swift; sourceTree = "<group>"; };
		57C20DC21F32DDBD00EFFB02 /* GameViewController.swift */ = {isa = PBXFileReference; lastKnownFileType = sourcecode.swift; path = GameViewController.swift; sourceTree = "<group>"; };
		57C20DC51F32DDBD00EFFB02 /* Base */ = {isa = PBXFileReference; lastKnownFileType = file.storyboard; name = Base; path = Base.lproj/Main.storyboard; sourceTree = "<group>"; };
		57C20DC71F32DDBD00EFFB02 /* Assets.xcassets */ = {isa = PBXFileReference; lastKnownFileType = folder.assetcatalog; path = Assets.xcassets; sourceTree = "<group>"; };
		57C20DCA1F32DDBD00EFFB02 /* Base */ = {isa = PBXFileReference; lastKnownFileType = file.storyboard; name = Base; path = Base.lproj/LaunchScreen.storyboard; sourceTree = "<group>"; };
		57C20DCC1F32DDBD00EFFB02 /* Info.plist */ = {isa = PBXFileReference; lastKnownFileType = text.plist.xml; path = Info.plist; sourceTree = "<group>"; };
		57C20DD11F32DDBD00EFFB02 /* ScaredyCatTests.xctest */ = {isa = PBXFileReference; explicitFileType = wrapper.cfbundle; includeInIndex = 0; path = ScaredyCatTests.xctest; sourceTree = BUILT_PRODUCTS_DIR; };
		57C20DD51F32DDBD00EFFB02 /* ScaredyCatTests.swift */ = {isa = PBXFileReference; lastKnownFileType = sourcecode.swift; path = ScaredyCatTests.swift; sourceTree = "<group>"; };
		57C20DD71F32DDBD00EFFB02 /* Info.plist */ = {isa = PBXFileReference; lastKnownFileType = text.plist.xml; path = Info.plist; sourceTree = "<group>"; };
		57C20DDC1F32DDBE00EFFB02 /* ScaredyCatUITests.xctest */ = {isa = PBXFileReference; explicitFileType = wrapper.cfbundle; includeInIndex = 0; path = ScaredyCatUITests.xctest; sourceTree = BUILT_PRODUCTS_DIR; };
		57C20DE01F32DDBE00EFFB02 /* ScaredyCatUITests.swift */ = {isa = PBXFileReference; lastKnownFileType = sourcecode.swift; path = ScaredyCatUITests.swift; sourceTree = "<group>"; };
		57C20DE21F32DDBE00EFFB02 /* Info.plist */ = {isa = PBXFileReference; lastKnownFileType = text.plist.xml; path = Info.plist; sourceTree = "<group>"; };
/* End PBXFileReference section */

/* Begin PBXFrameworksBuildPhase section */
		57C20DB41F32DDBD00EFFB02 /* Frameworks */ = {
			isa = PBXFrameworksBuildPhase;
			buildActionMask = 2147483647;
			files = (
			);
			runOnlyForDeploymentPostprocessing = 0;
		};
		57C20DCE1F32DDBD00EFFB02 /* Frameworks */ = {
			isa = PBXFrameworksBuildPhase;
			buildActionMask = 2147483647;
			files = (
			);
			runOnlyForDeploymentPostprocessing = 0;
		};
		57C20DD91F32DDBE00EFFB02 /* Frameworks */ = {
			isa = PBXFrameworksBuildPhase;
			buildActionMask = 2147483647;
			files = (
			);
			runOnlyForDeploymentPostprocessing = 0;
		};
/* End PBXFrameworksBuildPhase section */

/* Begin PBXGroup section */
		57C20DAE1F32DDBD00EFFB02 = {
			isa = PBXGroup;
			children = (
				57C20DB91F32DDBD00EFFB02 /* ScaredyCat */,
				57C20DD41F32DDBD00EFFB02 /* ScaredyCatTests */,
				57C20DDF1F32DDBE00EFFB02 /* ScaredyCatUITests */,
				57C20DB81F32DDBD00EFFB02 /* Products */,
			);
			sourceTree = "<group>";
		};
		57C20DB81F32DDBD00EFFB02 /* Products */ = {
			isa = PBXGroup;
			children = (
				57C20DB71F32DDBD00EFFB02 /* ScaredyCat.app */,
				57C20DD11F32DDBD00EFFB02 /* ScaredyCatTests.xctest */,
				57C20DDC1F32DDBE00EFFB02 /* ScaredyCatUITests.xctest */,
			);
			name = Products;
			sourceTree = "<group>";
		};
		57C20DB91F32DDBD00EFFB02 /* ScaredyCat */ = {
			isa = PBXGroup;
			children = (
				57C20DBA1F32DDBD00EFFB02 /* AppDelegate.swift */,
				57C20DBC1F32DDBD00EFFB02 /* GameScene.sks */,
				57C20DBE1F32DDBD00EFFB02 /* Actions.sks */,
				57C20DC01F32DDBD00EFFB02 /* GameScene.swift */,
				57C20DC21F32DDBD00EFFB02 /* GameViewController.swift */,
				57C20DC41F32DDBD00EFFB02 /* Main.storyboard */,
				57C20DC71F32DDBD00EFFB02 /* Assets.xcassets */,
				57C20DC91F32DDBD00EFFB02 /* LaunchScreen.storyboard */,
				57C20DCC1F32DDBD00EFFB02 /* Info.plist */,
			);
			path = ScaredyCat;
			sourceTree = "<group>";
		};
		57C20DD41F32DDBD00EFFB02 /* ScaredyCatTests */ = {
			isa = PBXGroup;
			children = (
				57C20DD51F32DDBD00EFFB02 /* ScaredyCatTests.swift */,
				57C20DD71F32DDBD00EFFB02 /* Info.plist */,
			);
			path = ScaredyCatTests;
			sourceTree = "<group>";
		};
		57C20DDF1F32DDBE00EFFB02 /* ScaredyCatUITests */ = {
			isa = PBXGroup;
			children = (
				57C20DE01F32DDBE00EFFB02 /* ScaredyCatUITests.swift */,
				57C20DE21F32DDBE00EFFB02 /* Info.plist */,
			);
			path = ScaredyCatUITests;
			sourceTree = "<group>";
		};
/* End PBXGroup section */

/* Begin PBXNativeTarget section */
		57C20DB61F32DDBD00EFFB02 /* ScaredyCat */ = {
			isa = PBXNativeTarget;
			buildConfigurationList = 57C20DE51F32DDBE00EFFB02 /* Build configuration list for PBXNativeTarget "ScaredyCat" */;
			buildPhases = (
				57C20DB31F32DDBD00EFFB02 /* Sources */,
				57C20DB41F32DDBD00EFFB02 /* Frameworks */,
				57C20DB51F32DDBD00EFFB02 /* Resources */,
			);
			buildRules = (
			);
			dependencies = (
			);
			name = ScaredyCat;
			productName = ScaredyCat;
			productReference = 57C20DB71F32DDBD00EFFB02 /* ScaredyCat.app */;
			productType = "com.apple.product-type.application";
		};
		57C20DD01F32DDBD00EFFB02 /* ScaredyCatTests */ = {
			isa = PBXNativeTarget;
			buildConfigurationList = 57C20DE81F32DDBE00EFFB02 /* Build configuration list for PBXNativeTarget "ScaredyCatTests" */;
			buildPhases = (
				57C20DCD1F32DDBD00EFFB02 /* Sources */,
				57C20DCE1F32DDBD00EFFB02 /* Frameworks */,
				57C20DCF1F32DDBD00EFFB02 /* Resources */,
			);
			buildRules = (
			);
			dependencies = (
				57C20DD31F32DDBD00EFFB02 /* PBXTargetDependency */,
			);
			name = ScaredyCatTests;
			productName = ScaredyCatTests;
			productReference = 57C20DD11F32DDBD00EFFB02 /* ScaredyCatTests.xctest */;
			productType = "com.apple.product-type.bundle.unit-test";
		};
		57C20DDB1F32DDBE00EFFB02 /* ScaredyCatUITests */ = {
			isa = PBXNativeTarget;
			buildConfigurationList = 57C20DEB1F32DDBE00EFFB02 /* Build configuration list for PBXNativeTarget "ScaredyCatUITests" */;
			buildPhases = (
				57C20DD81F32DDBE00EFFB02 /* Sources */,
				57C20DD91F32DDBE00EFFB02 /* Frameworks */,
				57C20DDA1F32DDBE00EFFB02 /* Resources */,
			);
			buildRules = (
			);
			dependencies = (
				57C20DDE1F32DDBE00EFFB02 /* PBXTargetDependency */,
			);
			name = ScaredyCatUITests;
			productName = ScaredyCatUITests;
			productReference = 57C20DDC1F32DDBE00EFFB02 /* ScaredyCatUITests.xctest */;
			productType = "com.apple.product-type.bundle.ui-testing";
		};
/* End PBXNativeTarget section */

/* Begin PBXProject section */
		57C20DAF1F32DDBD00EFFB02 /* Project object */ = {
			isa = PBXProject;
			attributes = {
				LastSwiftUpdateCheck = 0900;
				LastUpgradeCheck = 0900;
				ORGANIZATIONNAME = "Victor Huang";
				TargetAttributes = {
					57C20DB61F32DDBD00EFFB02 = {
						CreatedOnToolsVersion = 9.0;
					};
					57C20DD01F32DDBD00EFFB02 = {
						CreatedOnToolsVersion = 9.0;
						TestTargetID = 57C20DB61F32DDBD00EFFB02;
					};
					57C20DDB1F32DDBE00EFFB02 = {
						CreatedOnToolsVersion = 9.0;
						TestTargetID = 57C20DB61F32DDBD00EFFB02;
					};
				};
			};
			buildConfigurationList = 57C20DB21F32DDBD00EFFB02 /* Build configuration list for PBXProject "ScaredyCat" */;
			compatibilityVersion = "Xcode 8.0";
			developmentRegion = en;
			hasScannedForEncodings = 0;
			knownRegions = (
				en,
				Base,
			);
			mainGroup = 57C20DAE1F32DDBD00EFFB02;
			productRefGroup = 57C20DB81F32DDBD00EFFB02 /* Products */;
			projectDirPath = "";
			projectRoot = "";
			targets = (
				57C20DB61F32DDBD00EFFB02 /* ScaredyCat */,
				57C20DD01F32DDBD00EFFB02 /* ScaredyCatTests */,
				57C20DDB1F32DDBE00EFFB02 /* ScaredyCatUITests */,
			);
		};
/* End PBXProject section */

/* Begin PBXResourcesBuildPhase section */
		57C20DB51F32DDBD00EFFB02 /* Resources */ = {
			isa = PBXResourcesBuildPhase;
			buildActionMask = 2147483647;
			files = (
				57C20DC61F32DDBD00EFFB02 /* Main.storyboard in Resources */,
				57C20DBD1F32DDBD00EFFB02 /* GameScene.sks in Resources */,
				57C20DC81F32DDBD00EFFB02 /* Assets.xcassets in Resources */,
				57C20DCB1F32DDBD00EFFB02 /* LaunchScreen.storyboard in Resources */,
				57C20DBF1F32DDBD00EFFB02 /* Actions.sks in Resources */,
			);
			runOnlyForDeploymentPostprocessing = 0;
		};
		57C20DCF1F32DDBD00EFFB02 /* Resources */ = {
			isa = PBXResourcesBuildPhase;
			buildActionMask = 2147483647;
			files = (
			);
			runOnlyForDeploymentPostprocessing = 0;
		};
		57C20DDA1F32DDBE00EFFB02 /* Resources */ = {
			isa = PBXResourcesBuildPhase;
			buildActionMask = 2147483647;
			files = (
			);
			runOnlyForDeploymentPostprocessing = 0;
		};
/* End PBXResourcesBuildPhase section */

/* Begin PBXSourcesBuildPhase section */
		57C20DB31F32DDBD00EFFB02 /* Sources */ = {
			isa = PBXSourcesBuildPhase;
			buildActionMask = 2147483647;
			files = (
				57C20DC11F32DDBD00EFFB02 /* GameScene.swift in Sources */,
				57C20DC31F32DDBD00EFFB02 /* GameViewController.swift in Sources */,
				57C20DBB1F32DDBD00EFFB02 /* AppDelegate.swift in Sources */,
			);
			runOnlyForDeploymentPostprocessing = 0;
		};
		57C20DCD1F32DDBD00EFFB02 /* Sources */ = {
			isa = PBXSourcesBuildPhase;
			buildActionMask = 2147483647;
			files = (
				57C20DD61F32DDBD00EFFB02 /* ScaredyCatTests.swift in Sources */,
			);
			runOnlyForDeploymentPostprocessing = 0;
		};
		57C20DD81F32DDBE00EFFB02 /* Sources */ = {
			isa = PBXSourcesBuildPhase;
			buildActionMask = 2147483647;
			files = (
				57C20DE11F32DDBE00EFFB02 /* ScaredyCatUITests.swift in Sources */,
			);
			runOnlyForDeploymentPostprocessing = 0;
		};
/* End PBXSourcesBuildPhase section */

/* Begin PBXTargetDependency section */
		57C20DD31F32DDBD00EFFB02 /* PBXTargetDependency */ = {
			isa = PBXTargetDependency;
			target = 57C20DB61F32DDBD00EFFB02 /* ScaredyCat */;
			targetProxy = 57C20DD21F32DDBD00EFFB02 /* PBXContainerItemProxy */;
		};
		57C20DDE1F32DDBE00EFFB02 /* PBXTargetDependency */ = {
			isa = PBXTargetDependency;
			target = 57C20DB61F32DDBD00EFFB02 /* ScaredyCat */;
			targetProxy = 57C20DDD1F32DDBE00EFFB02 /* PBXContainerItemProxy */;
		};
/* End PBXTargetDependency section */

/* Begin PBXVariantGroup section */
		57C20DC41F32DDBD00EFFB02 /* Main.storyboard */ = {
			isa = PBXVariantGroup;
			children = (
				57C20DC51F32DDBD00EFFB02 /* Base */,
			);
			name = Main.storyboard;
			sourceTree = "<group>";
		};
		57C20DC91F32DDBD00EFFB02 /* LaunchScreen.storyboard */ = {
			isa = PBXVariantGroup;
			children = (
				57C20DCA1F32DDBD00EFFB02 /* Base */,
			);
			name = LaunchScreen.storyboard;
			sourceTree = "<group>";
		};
/* End PBXVariantGroup section */

/* Begin XCBuildConfiguration section */
		57C20DE31F32DDBE00EFFB02 /* Debug */ = {
			isa = XCBuildConfiguration;
			buildSettings = {
				ALWAYS_SEARCH_USER_PATHS = NO;
				CLANG_ANALYZER_NONNULL = YES;
				CLANG_ANALYZER_NUMBER_OBJECT_CONVERSION = YES_AGGRESSIVE;
				CLANG_CXX_LANGUAGE_STANDARD = "gnu++14";
				CLANG_CXX_LIBRARY = "libc++";
				CLANG_ENABLE_MODULES = YES;
				CLANG_ENABLE_OBJC_ARC = YES;
				CLANG_WARN_BLOCK_CAPTURE_AUTORELEASING = YES;
				CLANG_WARN_BOOL_CONVERSION = YES;
				CLANG_WARN_COMMA = YES;
				CLANG_WARN_CONSTANT_CONVERSION = YES;
				CLANG_WARN_DIRECT_OBJC_ISA_USAGE = YES_ERROR;
				CLANG_WARN_DOCUMENTATION_COMMENTS = YES;
				CLANG_WARN_EMPTY_BODY = YES;
				CLANG_WARN_ENUM_CONVERSION = YES;
				CLANG_WARN_INFINITE_RECURSION = YES;
				CLANG_WARN_INT_CONVERSION = YES;
				CLANG_WARN_NON_LITERAL_NULL_CONVERSION = YES;
				CLANG_WARN_OBJC_LITERAL_CONVERSION = YES;
				CLANG_WARN_OBJC_ROOT_CLASS = YES_ERROR;
				CLANG_WARN_RANGE_LOOP_ANALYSIS = YES;
				CLANG_WARN_STRICT_PROTOTYPES = YES;
				CLANG_WARN_SUSPICIOUS_MOVE = YES;
				CLANG_WARN_UNGUARDED_AVAILABILITY = YES_AGGRESSIVE;
				CLANG_WARN_UNREACHABLE_CODE = YES;
				CLANG_WARN__DUPLICATE_METHOD_MATCH = YES;
				CODE_SIGN_IDENTITY = "iPhone Developer";
				COPY_PHASE_STRIP = NO;
				DEBUG_INFORMATION_FORMAT = dwarf;
				ENABLE_STRICT_OBJC_MSGSEND = YES;
				ENABLE_TESTABILITY = YES;
				GCC_C_LANGUAGE_STANDARD = gnu11;
				GCC_DYNAMIC_NO_PIC = NO;
				GCC_NO_COMMON_BLOCKS = YES;
				GCC_OPTIMIZATION_LEVEL = 0;
				GCC_PREPROCESSOR_DEFINITIONS = (
					"DEBUG=1",
					"$(inherited)",
				);
				GCC_WARN_64_TO_32_BIT_CONVERSION = YES;
				GCC_WARN_ABOUT_RETURN_TYPE = YES_ERROR;
				GCC_WARN_UNDECLARED_SELECTOR = YES;
				GCC_WARN_UNINITIALIZED_AUTOS = YES_AGGRESSIVE;
				GCC_WARN_UNUSED_FUNCTION = YES;
				GCC_WARN_UNUSED_VARIABLE = YES;
				IPHONEOS_DEPLOYMENT_TARGET = 11.0;
				MTL_ENABLE_DEBUG_INFO = YES;
				ONLY_ACTIVE_ARCH = YES;
				SDKROOT = iphoneos;
				SWIFT_ACTIVE_COMPILATION_CONDITIONS = DEBUG;
				SWIFT_OPTIMIZATION_LEVEL = "-Onone";
			};
			name = Debug;
		};
		57C20DE41F32DDBE00EFFB02 /* Release */ = {
			isa = XCBuildConfiguration;
			buildSettings = {
				ALWAYS_SEARCH_USER_PATHS = NO;
				CLANG_ANALYZER_NONNULL = YES;
				CLANG_ANALYZER_NUMBER_OBJECT_CONVERSION = YES_AGGRESSIVE;
				CLANG_CXX_LANGUAGE_STANDARD = "gnu++14";
				CLANG_CXX_LIBRARY = "libc++";
				CLANG_ENABLE_MODULES = YES;
				CLANG_ENABLE_OBJC_ARC = YES;
				CLANG_WARN_BLOCK_CAPTURE_AUTORELEASING = YES;
				CLANG_WARN_BOOL_CONVERSION = YES;
				CLANG_WARN_COMMA = YES;
				CLANG_WARN_CONSTANT_CONVERSION = YES;
				CLANG_WARN_DIRECT_OBJC_ISA_USAGE = YES_ERROR;
				CLANG_WARN_DOCUMENTATION_COMMENTS = YES;
				CLANG_WARN_EMPTY_BODY = YES;
				CLANG_WARN_ENUM_CONVERSION = YES;
				CLANG_WARN_INFINITE_RECURSION = YES;
				CLANG_WARN_INT_CONVERSION = YES;
				CLANG_WARN_NON_LITERAL_NULL_CONVERSION = YES;
				CLANG_WARN_OBJC_LITERAL_CONVERSION = YES;
				CLANG_WARN_OBJC_ROOT_CLASS = YES_ERROR;
				CLANG_WARN_RANGE_LOOP_ANALYSIS = YES;
				CLANG_WARN_STRICT_PROTOTYPES = YES;
				CLANG_WARN_SUSPICIOUS_MOVE = YES;
				CLANG_WARN_UNGUARDED_AVAILABILITY = YES_AGGRESSIVE;
				CLANG_WARN_UNREACHABLE_CODE = YES;
				CLANG_WARN__DUPLICATE_METHOD_MATCH = YES;
				CODE_SIGN_IDENTITY = "iPhone Developer";
				COPY_PHASE_STRIP = NO;
				DEBUG_INFORMATION_FORMAT = "dwarf-with-dsym";
				ENABLE_NS_ASSERTIONS = NO;
				ENABLE_STRICT_OBJC_MSGSEND = YES;
				GCC_C_LANGUAGE_STANDARD = gnu11;
				GCC_NO_COMMON_BLOCKS = YES;
				GCC_WARN_64_TO_32_BIT_CONVERSION = YES;
				GCC_WARN_ABOUT_RETURN_TYPE = YES_ERROR;
				GCC_WARN_UNDECLARED_SELECTOR = YES;
				GCC_WARN_UNINITIALIZED_AUTOS = YES_AGGRESSIVE;
				GCC_WARN_UNUSED_FUNCTION = YES;
				GCC_WARN_UNUSED_VARIABLE = YES;
				IPHONEOS_DEPLOYMENT_TARGET = 11.0;
				MTL_ENABLE_DEBUG_INFO = NO;
				SDKROOT = iphoneos;
				SWIFT_OPTIMIZATION_LEVEL = "-Owholemodule";
				VALIDATE_PRODUCT = YES;
			};
			name = Release;
		};
		57C20DE61F32DDBE00EFFB02 /* Debug */ = {
			isa = XCBuildConfiguration;
			buildSettings = {
				ASSETCATALOG_COMPILER_APPICON_NAME = AppIcon;
				DEVELOPMENT_TEAM = G6Z3AXWKM3;
				INFOPLIST_FILE = ScaredyCat/Info.plist;
				LD_RUNPATH_SEARCH_PATHS = "$(inherited) @executable_path/Frameworks";
				PRODUCT_BUNDLE_IDENTIFIER = com.vactor.ScaredyCat;
				PRODUCT_NAME = "$(TARGET_NAME)";
				SWIFT_VERSION = 4.0;
				TARGETED_DEVICE_FAMILY = "1,2";
			};
			name = Debug;
		};
		57C20DE71F32DDBE00EFFB02 /* Release */ = {
			isa = XCBuildConfiguration;
			buildSettings = {
				ASSETCATALOG_COMPILER_APPICON_NAME = AppIcon;
				DEVELOPMENT_TEAM = G6Z3AXWKM3;
				INFOPLIST_FILE = ScaredyCat/Info.plist;
				LD_RUNPATH_SEARCH_PATHS = "$(inherited) @executable_path/Frameworks";
				PRODUCT_BUNDLE_IDENTIFIER = com.vactor.ScaredyCat;
				PRODUCT_NAME = "$(TARGET_NAME)";
				SWIFT_VERSION = 4.0;
				TARGETED_DEVICE_FAMILY = "1,2";
			};
			name = Release;
		};
		57C20DE91F32DDBE00EFFB02 /* Debug */ = {
			isa = XCBuildConfiguration;
			buildSettings = {
				ALWAYS_EMBED_SWIFT_STANDARD_LIBRARIES = YES;
				BUNDLE_LOADER = "$(TEST_HOST)";
				DEVELOPMENT_TEAM = G6Z3AXWKM3;
				INFOPLIST_FILE = ScaredyCatTests/Info.plist;
				LD_RUNPATH_SEARCH_PATHS = "$(inherited) @executable_path/Frameworks @loader_path/Frameworks";
				PRODUCT_BUNDLE_IDENTIFIER = com.vactor.ScaredyCatTests;
				PRODUCT_NAME = "$(TARGET_NAME)";
				SWIFT_VERSION = 4.0;
				TARGETED_DEVICE_FAMILY = "1,2";
				TEST_HOST = "$(BUILT_PRODUCTS_DIR)/ScaredyCat.app/ScaredyCat";
			};
			name = Debug;
		};
		57C20DEA1F32DDBE00EFFB02 /* Release */ = {
			isa = XCBuildConfiguration;
			buildSettings = {
				ALWAYS_EMBED_SWIFT_STANDARD_LIBRARIES = YES;
				BUNDLE_LOADER = "$(TEST_HOST)";
				DEVELOPMENT_TEAM = G6Z3AXWKM3;
				INFOPLIST_FILE = ScaredyCatTests/Info.plist;
				LD_RUNPATH_SEARCH_PATHS = "$(inherited) @executable_path/Frameworks @loader_path/Frameworks";
				PRODUCT_BUNDLE_IDENTIFIER = com.vactor.ScaredyCatTests;
				PRODUCT_NAME = "$(TARGET_NAME)";
				SWIFT_VERSION = 4.0;
				TARGETED_DEVICE_FAMILY = "1,2";
				TEST_HOST = "$(BUILT_PRODUCTS_DIR)/ScaredyCat.app/ScaredyCat";
			};
			name = Release;
		};
		57C20DEC1F32DDBE00EFFB02 /* Debug */ = {
			isa = XCBuildConfiguration;
			buildSettings = {
				ALWAYS_EMBED_SWIFT_STANDARD_LIBRARIES = YES;
				DEVELOPMENT_TEAM = G6Z3AXWKM3;
				INFOPLIST_FILE = ScaredyCatUITests/Info.plist;
				LD_RUNPATH_SEARCH_PATHS = "$(inherited) @executable_path/Frameworks @loader_path/Frameworks";
				PRODUCT_BUNDLE_IDENTIFIER = com.vactor.ScaredyCatUITests;
				PRODUCT_NAME = "$(TARGET_NAME)";
				SWIFT_VERSION = 4.0;
				TARGETED_DEVICE_FAMILY = "1,2";
				TEST_TARGET_NAME = ScaredyCat;
			};
			name = Debug;
		};
		57C20DED1F32DDBE00EFFB02 /* Release */ = {
			isa = XCBuildConfiguration;
			buildSettings = {
				ALWAYS_EMBED_SWIFT_STANDARD_LIBRARIES = YES;
				DEVELOPMENT_TEAM = G6Z3AXWKM3;
				INFOPLIST_FILE = ScaredyCatUITests/Info.plist;
				LD_RUNPATH_SEARCH_PATHS = "$(inherited) @executable_path/Frameworks @loader_path/Frameworks";
				PRODUCT_BUNDLE_IDENTIFIER = com.vactor.ScaredyCatUITests;
				PRODUCT_NAME = "$(TARGET_NAME)";
				SWIFT_VERSION = 4.0;
				TARGETED_DEVICE_FAMILY = "1,2";
				TEST_TARGET_NAME = ScaredyCat;
			};
			name = Release;
		};
/* End XCBuildConfiguration section */

/* Begin XCConfigurationList section */
		57C20DB21F32DDBD00EFFB02 /* Build configuration list for PBXProject "ScaredyCat" */ = {
			isa = XCConfigurationList;
			buildConfigurations = (
				57C20DE31F32DDBE00EFFB02 /* Debug */,
				57C20DE41F32DDBE00EFFB02 /* Release */,
			);
			defaultConfigurationIsVisible = 0;
			defaultConfigurationName = Release;
		};
		57C20DE51F32DDBE00EFFB02 /* Build configuration list for PBXNativeTarget "ScaredyCat" */ = {
			isa = XCConfigurationList;
			buildConfigurations = (
				57C20DE61F32DDBE00EFFB02 /* Debug */,
				57C20DE71F32DDBE00EFFB02 /* Release */,
			);
			defaultConfigurationIsVisible = 0;
		};
		57C20DE81F32DDBE00EFFB02 /* Build configuration list for PBXNativeTarget "ScaredyCatTests" */ = {
			isa = XCConfigurationList;
			buildConfigurations = (
				57C20DE91F32DDBE00EFFB02 /* Debug */,
				57C20DEA1F32DDBE00EFFB02 /* Release */,
			);
			defaultConfigurationIsVisible = 0;
		};
		57C20DEB1F32DDBE00EFFB02 /* Build configuration list for PBXNativeTarget "ScaredyCatUITests" */ = {
			isa = XCConfigurationList;
			buildConfigurations = (
				57C20DEC1F32DDBE00EFFB02 /* Debug */,
				57C20DED1F32DDBE00EFFB02 /* Release */,
			);
			defaultConfigurationIsVisible = 0;
		};
/* End XCConfigurationList section */
	};
	rootObject = 57C20DAF1F32DDBD00EFFB02 /* Project object */;
}
